
Microsoft Visual Studio Solution File, Format Version 12.00
# Visual Studio 15
VisualStudioVersion = 15.0.26730.16
MinimumVisualStudioVersion = 10.0.40219.1
Project("{9A19103F-16F7-4668-BE54-9A1E7A4F7556}") = "OscarWeb", "OscarWeb\OscarWeb.csproj", "{E3AA935B-5845-44E1-9F21-CA10B332C608}"
EndProject
Project("{2150E333-8FDC-42A3-9474-1A3956D46DE8}") = "Solution Items", "Solution Items", "{5F7A14D7-EBC5-46CC-A19F-FB9B825F2DBA}"
	ProjectSection(SolutionItems) = preProject
		build.bat = build.bat
		postdeploy-gcl-it-iis.bat = postdeploy-gcl-it-iis.bat
		predeploy.bat = predeploy.bat
		publishoscarweb.bat = publishoscarweb.bat
		setversion.bat = setversion.bat
	EndProjectSection
EndProject
Project("{9A19103F-16F7-4668-BE54-9A1E7A4F7556}") = "OscarWeb.Tests", "OscarWeb.Tests\OscarWeb.Tests.csproj", "{09A08F6E-EC71-4F0F-BBA2-739096B16256}"
EndProject
Global
	GlobalSection(SolutionConfigurationPlatforms) = preSolution
		Debug|Any CPU = Debug|Any CPU
		Release|Any CPU = Release|Any CPU
	EndGlobalSection
	GlobalSection(ProjectConfigurationPlatforms) = postSolution
		{E3AA935B-5845-44E1-9F21-CA10B332C608}.Debug|Any CPU.ActiveCfg = Debug|Any CPU
		{E3AA935B-5845-44E1-9F21-CA10B332C608}.Debug|Any CPU.Build.0 = Debug|Any CPU
		{E3AA935B-5845-44E1-9F21-CA10B332C608}.Release|Any CPU.ActiveCfg = Release|Any CPU
		{E3AA935B-5845-44E1-9F21-CA10B332C608}.Release|Any CPU.Build.0 = Release|Any CPU
		{09A08F6E-EC71-4F0F-BBA2-739096B16256}.Debug|Any CPU.ActiveCfg = Debug|Any CPU
		{09A08F6E-EC71-4F0F-BBA2-739096B16256}.Debug|Any CPU.Build.0 = Debug|Any CPU
		{09A08F6E-EC71-4F0F-BBA2-739096B16256}.Release|Any CPU.ActiveCfg = Release|Any CPU
		{09A08F6E-EC71-4F0F-BBA2-739096B16256}.Release|Any CPU.Build.0 = Release|Any CPU
	EndGlobalSection
	GlobalSection(SolutionProperties) = preSolution
		HideSolutionNode = FALSE
	EndGlobalSection
	GlobalSection(ExtensibilityGlobals) = postSolution
		SolutionGuid = {8782A7E0-9327-47F7-B89F-AF155EC0A7C0}
	EndGlobalSection
EndGlobal
